# THIS IS AN AUTOGENERATED FILE. DO NOT EDIT THIS FILE DIRECTLY.
# yarn lockfile v1


jquery2@^2.0.3-a:
  version "2.0.3-a"
  resolved "https://registry.yarnpkg.com/jquery2/-/jquery2-2.0.3-a.tgz#7064314e6d12271a6946ef85cf478bd60eabf0c1"

jquery@^3.2.1:
  version "3.2.1"
  resolved "https://registry.yarnpkg.com/jquery/-/jquery-3.2.1.tgz#5c4d9de652af6cd0a770154a631bba12b015c787"
